#MicroXplorer Configuration settings - do not modify
ADC1.Channel-1\#ChannelRegularConversion=ADC_CHANNEL_15
ADC1.Channel-2\#ChannelRegularConversion=ADC_CHANNEL_13
ADC1.ClockPrescaler=ADC_CLOCK_ASYNC_DIV128
ADC1.CommonPathInternal=null|null|null|null
ADC1.ContinuousConvMode=DISABLE
ADC1.DMAContinuousRequests=DISABLE
ADC1.DiscontinuousConvMode=DISABLE
ADC1.IPParameters=Rank-1\#ChannelRegularConversion,Channel-1\#ChannelRegularConversion,SamplingTime-1\#ChannelRegularConversion,OffsetNumber-1\#ChannelRegularConversion,NbrOfConversionFlag,ContinuousConvMode,master,Rank-2\#ChannelRegularConversion,Channel-2\#ChannelRegularConversion,SamplingTime-2\#ChannelRegularConversion,OffsetNumber-2\#ChannelRegularConversion,NbrOfConversion,DMAContinuousRequests,DiscontinuousConvMode,ClockPrescaler,CommonPathInternal
ADC1.NbrOfConversion=2
ADC1.NbrOfConversionFlag=1
ADC1.OffsetNumber-1\#ChannelRegularConversion=ADC_OFFSET_NONE
ADC1.OffsetNumber-2\#ChannelRegularConversion=ADC_OFFSET_NONE
ADC1.Rank-1\#ChannelRegularConversion=1
ADC1.Rank-2\#ChannelRegularConversion=2
ADC1.SamplingTime-1\#ChannelRegularConversion=ADC_SAMPLETIME_12CYCLES_5
ADC1.SamplingTime-2\#ChannelRegularConversion=ADC_SAMPLETIME_12CYCLES_5
ADC1.master=1
CAD.formats=
CAD.pinconfig=
CAD.provider=
Dma.Request0=USART3_RX
Dma.RequestsNb=1
Dma.USART3_RX.0.Direction=DMA_PERIPH_TO_MEMORY
Dma.USART3_RX.0.Instance=DMA1_Channel3
Dma.USART3_RX.0.MemDataAlignment=DMA_MDATAALIGN_BYTE
Dma.USART3_RX.0.MemInc=DMA_MINC_ENABLE
Dma.USART3_RX.0.Mode=DMA_NORMAL
Dma.USART3_RX.0.PeriphDataAlignment=DMA_PDATAALIGN_BYTE
Dma.USART3_RX.0.PeriphInc=DMA_PINC_DISABLE
Dma.USART3_RX.0.Priority=DMA_PRIORITY_VERY_HIGH
Dma.USART3_RX.0.RequestParameters=Instance,Direction,PeriphInc,MemInc,PeriphDataAlignment,MemDataAlignment,Mode,Priority
File.Version=6
GPIO.groupedBy=Group By Peripherals
KeepUserPlacement=false
Mcu.CPN=STM32L431RCT6
Mcu.Family=STM32L4
Mcu.IP0=ADC1
Mcu.IP1=DMA
Mcu.IP2=NVIC
Mcu.IP3=RCC
Mcu.IP4=SPI1
Mcu.IP5=SYS
Mcu.IP6=TIM1
Mcu.IP7=TIM2
Mcu.IP8=USART1
Mcu.IP9=USART3
Mcu.IPNb=10
Mcu.Name=STM32L431R(B-C)Tx
Mcu.Package=LQFP64
Mcu.Pin0=PC13
Mcu.Pin1=PC14-OSC32_IN (PC14)
Mcu.Pin10=PB0
Mcu.Pin11=PB12
Mcu.Pin12=PB13
Mcu.Pin13=PB14
Mcu.Pin14=PB15
Mcu.Pin15=PC7
Mcu.Pin16=PC8
Mcu.Pin17=PC9
Mcu.Pin18=PA8
Mcu.Pin19=PA9
Mcu.Pin2=PH0-OSC_IN (PH0)
Mcu.Pin20=PA10
Mcu.Pin21=PA12
Mcu.Pin22=PC10
Mcu.Pin23=PC11
Mcu.Pin24=PC12
Mcu.Pin25=PB3 (JTDO-TRACESWO)
Mcu.Pin26=PB4 (NJTRST)
Mcu.Pin27=PB5
Mcu.Pin28=PB6
Mcu.Pin29=PB8
Mcu.Pin3=PH1-OSC_OUT (PH1)
Mcu.Pin30=PB9
Mcu.Pin31=VP_SYS_VS_Systick
Mcu.Pin32=VP_TIM1_VS_ClockSourceINT
Mcu.Pin33=VP_TIM2_VS_ClockSourceINT
Mcu.Pin4=PA4
Mcu.Pin5=PA5
Mcu.Pin6=PA6
Mcu.Pin7=PA7
Mcu.Pin8=PC4
Mcu.Pin9=PC5
Mcu.PinsNb=34
Mcu.ThirdPartyNb=0
Mcu.UserConstants=
Mcu.UserName=STM32L431RCTx
MxCube.Version=6.13.0
MxDb.Version=DB.6.0.130
NVIC.BusFault_IRQn=true\:0\:0\:false\:false\:true\:false\:false\:false
NVIC.DMA1_Channel3_IRQn=true\:0\:0\:false\:false\:true\:false\:true\:true
NVIC.DebugMonitor_IRQn=true\:0\:0\:false\:false\:true\:false\:false\:false
NVIC.ForceEnableDMAVector=true
NVIC.HardFault_IRQn=true\:0\:0\:false\:false\:true\:false\:false\:false
NVIC.MemoryManagement_IRQn=true\:0\:0\:false\:false\:true\:false\:false\:false
NVIC.NonMaskableInt_IRQn=true\:0\:0\:false\:false\:true\:false\:false\:false
NVIC.PendSV_IRQn=true\:0\:0\:false\:false\:true\:false\:false\:false
NVIC.PriorityGroup=NVIC_PRIORITYGROUP_4
NVIC.SVCall_IRQn=true\:0\:0\:false\:false\:true\:false\:false\:false
NVIC.SysTick_IRQn=true\:15\:0\:false\:false\:true\:false\:true\:false
NVIC.TIM1_UP_TIM16_IRQn=true\:0\:0\:false\:false\:true\:true\:true\:true
NVIC.TIM2_IRQn=true\:0\:0\:false\:false\:true\:true\:true\:true
NVIC.UsageFault_IRQn=true\:0\:0\:false\:false\:true\:false\:false\:false
PA10.Locked=true
PA10.Mode=Asynchronous
PA10.Signal=USART1_RX
PA12.GPIOParameters=GPIO_Label
PA12.GPIO_Label=POWER_ON
PA12.Locked=true
PA12.Signal=GPIO_Output
PA4.GPIOParameters=GPIO_Label
PA4.GPIO_Label=LPS_CS
PA4.Locked=true
PA4.Signal=GPIO_Output
PA5.Locked=true
PA5.Mode=Full_Duplex_Master
PA5.Signal=SPI1_SCK
PA6.Locked=true
PA6.Mode=Full_Duplex_Master
PA6.Signal=SPI1_MISO
PA7.Locked=true
PA7.Mode=Full_Duplex_Master
PA7.Signal=SPI1_MOSI
PA8.Locked=true
PA8.Mode=Clock-out
PA8.Signal=RCC_MCO
PA9.Locked=true
PA9.Mode=Asynchronous
PA9.Signal=USART1_TX
PB0.GPIOParameters=GPIO_Label
PB0.GPIO_Label=BAT_ADC
PB0.Locked=true
PB0.Signal=ADCx_IN15
PB12.GPIOParameters=GPIO_Label
PB12.GPIO_Label=RF_Boost
PB12.Locked=true
PB12.Signal=GPIO_Output
PB13.GPIOParameters=GPIO_Label
PB13.GPIO_Label=ADF_TX_Data
PB13.Locked=true
PB13.Signal=GPIO_Output
PB14.GPIOParameters=GPIO_Label
PB14.GPIO_Label=GPS_ON
PB14.Locked=true
PB14.Signal=GPIO_Output
PB15.GPIOParameters=GPIO_Label
PB15.GPIO_Label=RADIO_EN
PB15.Locked=true
PB15.Signal=GPIO_Output
PB3\ (JTDO-TRACESWO).GPIOParameters=GPIO_Label
PB3\ (JTDO-TRACESWO).GPIO_Label=ADF_CE
PB3\ (JTDO-TRACESWO).Locked=true
PB3\ (JTDO-TRACESWO).Signal=GPIO_Output
PB4\ (NJTRST).GPIOParameters=PinState,GPIO_PuPd,GPIO_Label,GPIO_ModeDefaultOutputPP
PB4\ (NJTRST).GPIO_Label=Temp_475k
PB4\ (NJTRST).GPIO_ModeDefaultOutputPP=GPIO_MODE_OUTPUT_OD
PB4\ (NJTRST).GPIO_PuPd=GPIO_NOPULL
PB4\ (NJTRST).Locked=true
PB4\ (NJTRST).PinState=GPIO_PIN_SET
PB4\ (NJTRST).Signal=GPIO_Output
PB5.GPIOParameters=PinState,GPIO_PuPd,GPIO_Label,GPIO_ModeDefaultOutputPP
PB5.GPIO_Label=Temp_36_5k
PB5.GPIO_ModeDefaultOutputPP=GPIO_MODE_OUTPUT_OD
PB5.GPIO_PuPd=GPIO_NOPULL
PB5.Locked=true
PB5.PinState=GPIO_PIN_SET
PB5.Signal=GPIO_Output
PB6.GPIOParameters=PinState,GPIO_PuPd,GPIO_Label,GPIO_ModeDefaultOutputPP
PB6.GPIO_Label=Temp_12_1k
PB6.GPIO_ModeDefaultOutputPP=GPIO_MODE_OUTPUT_OD
PB6.GPIO_PuPd=GPIO_NOPULL
PB6.Locked=true
PB6.PinState=GPIO_PIN_SET
PB6.Signal=GPIO_Output
PB8.GPIOParameters=PinState,GPIO_PuPd,GPIO_Label,GPIO_ModeDefaultOutputPP
PB8.GPIO_Label=Temp_2M
PB8.GPIO_ModeDefaultOutputPP=GPIO_MODE_OUTPUT_OD
PB8.GPIO_PuPd=GPIO_NOPULL
PB8.Locked=true
PB8.PinState=GPIO_PIN_SET
PB8.Signal=GPIO_Output
PB9.GPIOParameters=PinState,GPIO_PuPd,GPIO_Label,GPIO_ModeDefaultOutputPP
PB9.GPIO_Label=Temp_330k
PB9.GPIO_ModeDefaultOutputPP=GPIO_MODE_OUTPUT_OD
PB9.GPIO_PuPd=GPIO_NOPULL
PB9.Locked=true
PB9.PinState=GPIO_PIN_SET
PB9.Signal=GPIO_Output
PC10.Locked=true
PC10.Mode=Asynchronous
PC10.Signal=USART3_TX
PC11.Locked=true
PC11.Mode=Asynchronous
PC11.Signal=USART3_RX
PC12.GPIOParameters=PinState
PC12.Locked=true
PC12.PinState=GPIO_PIN_RESET
PC12.Signal=GPIO_Output
PC13.GPIOParameters=GPIO_Label
PC13.GPIO_Label=BUTTON
PC13.Locked=true
PC13.Signal=GPIO_Input
PC14-OSC32_IN\ (PC14).GPIOParameters=GPIO_Label
PC14-OSC32_IN\ (PC14).GPIO_Label=LED
PC14-OSC32_IN\ (PC14).Locked=true
PC14-OSC32_IN\ (PC14).Signal=GPIO_Output
PC4.GPIOParameters=GPIO_Label
PC4.GPIO_Label=TEMP_ADC
PC4.Signal=ADCx_IN13
PC5.GPIOParameters=GPIO_Label
PC5.GPIO_Label=Temp_EN
PC5.Locked=true
PC5.Signal=GPIO_Output
PC7.GPIOParameters=GPIO_Label
PC7.GPIO_Label=ADF_CLK
PC7.Locked=true
PC7.Signal=GPIO_Output
PC8.GPIOParameters=GPIO_Label
PC8.GPIO_Label=ADF_Data
PC8.Locked=true
PC8.Signal=GPIO_Output
PC9.GPIOParameters=GPIO_Label
PC9.GPIO_Label=ADF_LE
PC9.Locked=true
PC9.Signal=GPIO_Output
PH0-OSC_IN\ (PH0).Locked=true
PH0-OSC_IN\ (PH0).Mode=HSE-External-Oscillator
PH0-OSC_IN\ (PH0).Signal=RCC_OSC_IN
PH1-OSC_OUT\ (PH1).Locked=true
PH1-OSC_OUT\ (PH1).Mode=HSE-External-Oscillator
PH1-OSC_OUT\ (PH1).Signal=RCC_OSC_OUT
PinOutPanel.RotationAngle=0
ProjectManager.AskForMigrate=true
ProjectManager.BackupPrevious=false
ProjectManager.CompilerOptimize=6
ProjectManager.ComputerToolchain=false
ProjectManager.CoupleFile=false
ProjectManager.CustomerFirmwarePackage=
ProjectManager.DefaultFWLocation=true
ProjectManager.DeletePrevious=true
ProjectManager.DeviceId=STM32L431RCTx
ProjectManager.FirmwarePackage=STM32Cube FW_L4 V1.18.1
ProjectManager.FreePins=false
ProjectManager.HalAssertFull=false
ProjectManager.HeapSize=0x200
ProjectManager.KeepUserCode=true
ProjectManager.LastFirmware=true
ProjectManager.LibraryCopy=1
ProjectManager.MainLocation=Core/Src
ProjectManager.NoMain=false
ProjectManager.PreviousToolchain=
ProjectManager.ProjectBuild=false
ProjectManager.ProjectFileName=m20_custom_firmware.ioc
ProjectManager.ProjectName=m20_custom_firmware
ProjectManager.ProjectStructure=
ProjectManager.RegisterCallBack=
ProjectManager.StackSize=0x400
ProjectManager.TargetToolchain=STM32CubeIDE
ProjectManager.ToolChainLocation=
ProjectManager.UAScriptAfterPath=
ProjectManager.UAScriptBeforePath=
ProjectManager.UnderRoot=true
ProjectManager.functionlistsort=1-SystemClock_Config-RCC-false-HAL-false,2-MX_GPIO_Init-GPIO-false-HAL-true,3-MX_DMA_Init-DMA-false-HAL-true,4-MX_USART1_UART_Init-USART1-false-HAL-true,5-MX_USART3_UART_Init-USART3-false-HAL-true,6-MX_SPI1_Init-SPI1-false-HAL-true,7-MX_ADC1_Init-ADC1-false-HAL-true,8-MX_TIM2_Init-TIM2-false-HAL-true,9-MX_TIM15_Init-TIM15-false-HAL-true
RCC.ADCFreq_Value=32000000
RCC.AHBFreq_Value=36000000
RCC.APB1Freq_Value=36000000
RCC.APB1TimFreq_Value=36000000
RCC.APB2Freq_Value=36000000
RCC.APB2TimFreq_Value=36000000
RCC.CortexFreq_Value=36000000
RCC.FCLKCortexFreq_Value=36000000
RCC.FamilyName=M
RCC.HCLKFreq_Value=36000000
RCC.HSE_VALUE=8000000
RCC.HSI48_VALUE=48000000
RCC.HSI_VALUE=16000000
RCC.I2C1Freq_Value=36000000
RCC.I2C2Freq_Value=36000000
RCC.I2C3Freq_Value=36000000
RCC.IPParameters=ADCFreq_Value,AHBFreq_Value,APB1Freq_Value,APB1TimFreq_Value,APB2Freq_Value,APB2TimFreq_Value,CortexFreq_Value,FCLKCortexFreq_Value,FamilyName,HCLKFreq_Value,HSE_VALUE,HSI48_VALUE,HSI_VALUE,I2C1Freq_Value,I2C2Freq_Value,I2C3Freq_Value,LPTIM1Freq_Value,LPTIM2Freq_Value,LPUART1Freq_Value,LSCOPinFreq_Value,LSE_VALUE,LSI_VALUE,MCO1PinFreq_Value,MSI_VALUE,PLLN,PLLPoutputFreq_Value,PLLQoutputFreq_Value,PLLR,PLLRCLKFreq_Value,PLLSAI1PoutputFreq_Value,PLLSAI1QoutputFreq_Value,PLLSAI1RoutputFreq_Value,PLLSourceVirtual,PWRFreq_Value,RCC_MCO1Source,RCC_MCODiv,RNGFreq_Value,SAI1Freq_Value,SDMMCFreq_Value,SWPMI1Freq_Value,SYSCLKFreq_VALUE,SYSCLKSource,USART1Freq_Value,USART2Freq_Value,USART3Freq_Value,VCOInputFreq_Value,VCOOutputFreq_Value,VCOSAI1OutputFreq_Value
RCC.LPTIM1Freq_Value=36000000
RCC.LPTIM2Freq_Value=36000000
RCC.LPUART1Freq_Value=36000000
RCC.LSCOPinFreq_Value=32000
RCC.LSE_VALUE=32768
RCC.LSI_VALUE=32000
RCC.MCO1PinFreq_Value=9000000
RCC.MSI_VALUE=4000000
RCC.PLLN=36
RCC.PLLPoutputFreq_Value=41142857.14285714
RCC.PLLQoutputFreq_Value=144000000
RCC.PLLR=RCC_PLLR_DIV8
RCC.PLLRCLKFreq_Value=36000000
RCC.PLLSAI1PoutputFreq_Value=9142857.142857144
RCC.PLLSAI1QoutputFreq_Value=32000000
RCC.PLLSAI1RoutputFreq_Value=32000000
RCC.PLLSourceVirtual=RCC_PLLSOURCE_HSE
RCC.PWRFreq_Value=36000000
RCC.RCC_MCO1Source=RCC_MCO1SOURCE_PLLCLK
RCC.RCC_MCODiv=RCC_MCODIV_4
RCC.RNGFreq_Value=32000000
RCC.SAI1Freq_Value=9142857.142857144
RCC.SDMMCFreq_Value=32000000
RCC.SWPMI1Freq_Value=36000000
RCC.SYSCLKFreq_VALUE=36000000
RCC.SYSCLKSource=RCC_SYSCLKSOURCE_PLLCLK
RCC.USART1Freq_Value=36000000
RCC.USART2Freq_Value=36000000
RCC.USART3Freq_Value=36000000
RCC.VCOInputFreq_Value=8000000
RCC.VCOOutputFreq_Value=288000000
RCC.VCOSAI1OutputFreq_Value=64000000
SH.ADCx_IN13.0=ADC1_IN13,IN13-Single-Ended
SH.ADCx_IN13.ConfNb=1
SH.ADCx_IN15.0=ADC1_IN15,IN15-Single-Ended
SH.ADCx_IN15.ConfNb=1
SPI1.BaudRatePrescaler=SPI_BAUDRATEPRESCALER_256
SPI1.CLKPhase=SPI_PHASE_2EDGE
SPI1.CLKPolarity=SPI_POLARITY_HIGH
SPI1.CRCCalculation=SPI_CRCCALCULATION_ENABLE
SPI1.CalculateBaudRate=140.625 KBits/s
SPI1.DataSize=SPI_DATASIZE_8BIT
SPI1.Direction=SPI_DIRECTION_2LINES
SPI1.IPParameters=VirtualType,Mode,Direction,CalculateBaudRate,DataSize,BaudRatePrescaler,CLKPolarity,CLKPhase,CRCCalculation
SPI1.Mode=SPI_MODE_MASTER
SPI1.VirtualType=VM_MASTER
TIM1.IPParameters=Prescaler,Period
TIM1.Period=5000
TIM1.Prescaler=35999
TIM2.IPParameters=Prescaler,Period
TIM2.Period=999
TIM2.Prescaler=359
USART1.BaudRate=115200
USART1.IPParameters=BaudRate,Mode,VirtualMode-Asynchronous
USART1.Mode=MODE_TX_RX
USART1.VirtualMode-Asynchronous=VM_ASYNC
USART3.BaudRate=9600
USART3.IPParameters=BaudRate,Mode,VirtualMode-Asynchronous
USART3.Mode=MODE_RX
USART3.VirtualMode-Asynchronous=VM_ASYNC
VP_SYS_VS_Systick.Mode=SysTick
VP_SYS_VS_Systick.Signal=SYS_VS_Systick
VP_TIM1_VS_ClockSourceINT.Mode=Internal
VP_TIM1_VS_ClockSourceINT.Signal=TIM1_VS_ClockSourceINT
VP_TIM2_VS_ClockSourceINT.Mode=Internal
VP_TIM2_VS_ClockSourceINT.Signal=TIM2_VS_ClockSourceINT
board=custom
isbadioc=false
