#MicroXplorer Configuration settings - do not modify
ADC.ContinuousConvMode=DISABLE
ADC.IPParameters=ContinuousConvMode,Overrun,SamplingTime
ADC.Overrun=ADC_OVR_DATA_OVERWRITTEN
ADC.SamplingTime=ADC_SAMPLETIME_3CYCLES_5
CAD.formats=[]
CAD.pinconfig=Dual
CAD.provider=
File.Version=6
GPIO.groupedBy=Group By Peripherals
IWDG.IPParameters=Window,Reload,Prescaler
IWDG.Prescaler=IWDG_PRESCALER_8
IWDG.Reload=4095
IWDG.Window=4095
KeepUserPlacement=false
LPUART1.BaudRate=9600
LPUART1.IPParameters=BaudRate,WordLength,Mode,OverrunDisableParam
LPUART1.Mode=UART_MODE_TX_RX
LPUART1.OverrunDisableParam=UART_ADVFEATURE_OVERRUN_ENABLE
LPUART1.WordLength=UART_WORDLENGTH_8B
Mcu.CPN=STM32L051R6T6
Mcu.Family=STM32L0
Mcu.IP0=ADC
Mcu.IP1=IWDG
Mcu.IP10=TIM22
Mcu.IP11=USART1
Mcu.IP2=LPUART1
Mcu.IP3=NVIC
Mcu.IP4=RCC
Mcu.IP5=SPI1
Mcu.IP6=SYS
Mcu.IP7=TIM2
Mcu.IP8=TIM6
Mcu.IP9=TIM21
Mcu.IPNb=12
Mcu.Name=STM32L051R(6-8)Tx
Mcu.Package=LQFP64
Mcu.Pin0=PC13
Mcu.Pin1=PC14-OSC32_IN
Mcu.Pin10=PB0
Mcu.Pin11=PB12
Mcu.Pin12=PB13
Mcu.Pin13=PB14
Mcu.Pin14=PB15
Mcu.Pin15=PC7
Mcu.Pin16=PC8
Mcu.Pin17=PC9
Mcu.Pin18=PA8
Mcu.Pin19=PA9
Mcu.Pin2=PH0-OSC_IN
Mcu.Pin20=PA10
Mcu.Pin21=PA12
Mcu.Pin22=PC10
Mcu.Pin23=PC11
Mcu.Pin24=PB3
Mcu.Pin25=PB4
Mcu.Pin26=PB5
Mcu.Pin27=PB6
Mcu.Pin28=PB8
Mcu.Pin29=PB9
Mcu.Pin3=PH1-OSC_OUT
Mcu.Pin30=VP_IWDG_VS_IWDG
Mcu.Pin31=VP_SYS_VS_Systick
Mcu.Pin32=VP_TIM2_VS_ClockSourceINT
Mcu.Pin33=VP_TIM6_VS_ClockSourceINT
Mcu.Pin34=VP_TIM21_VS_ClockSourceINT
Mcu.Pin35=VP_TIM22_VS_ClockSourceINT
Mcu.Pin4=PC0
Mcu.Pin5=PA4
Mcu.Pin6=PA5
Mcu.Pin7=PA6
Mcu.Pin8=PA7
Mcu.Pin9=PC4
Mcu.PinsNb=36
Mcu.ThirdPartyNb=0
Mcu.UserConstants=
Mcu.UserName=STM32L051R6Tx
MxCube.Version=6.13.0
MxDb.Version=DB.6.0.130
NVIC.ForceEnableDMAVector=true
NVIC.HardFault_IRQn=true\:0\:0\:false\:false\:true\:false\:false\:false
NVIC.LPUART1_IRQn=true\:0\:0\:false\:false\:true\:true\:true\:true
NVIC.NonMaskableInt_IRQn=true\:0\:0\:false\:false\:true\:false\:false\:false
NVIC.PendSV_IRQn=true\:0\:0\:false\:false\:true\:false\:false\:false
NVIC.SVC_IRQn=true\:0\:0\:false\:false\:true\:false\:false\:true
NVIC.SysTick_IRQn=true\:3\:0\:false\:false\:true\:false\:true\:false
NVIC.TIM22_IRQn=true\:0\:0\:false\:false\:true\:true\:true\:true
NVIC.TIM2_IRQn=true\:0\:0\:false\:false\:true\:true\:true\:true
NVIC.TIM6_DAC_IRQn=true\:0\:0\:false\:false\:true\:true\:true\:true
PA10.Locked=true
PA10.Mode=Asynchronous
PA10.Signal=USART1_RX
PA12.GPIOParameters=GPIO_Label
PA12.GPIO_Label=POWER_ON
PA12.Locked=true
PA12.Signal=GPIO_Output
PA4.GPIOParameters=GPIO_Label
PA4.GPIO_Label=LPS_CS
PA4.Locked=true
PA4.Signal=GPIO_Output
PA5.Locked=true
PA5.Mode=Full_Duplex_Master
PA5.Signal=SPI1_SCK
PA6.Locked=true
PA6.Mode=Full_Duplex_Master
PA6.Signal=SPI1_MISO
PA7.Locked=true
PA7.Mode=Full_Duplex_Master
PA7.Signal=SPI1_MOSI
PA8.GPIOParameters=GPIO_Speed
PA8.GPIO_Speed=GPIO_SPEED_FREQ_VERY_HIGH
PA8.Locked=true
PA8.Mode=Clock-out
PA8.Signal=RCC_MCO
PA9.Locked=true
PA9.Mode=Asynchronous
PA9.Signal=USART1_TX
PB0.GPIOParameters=GPIO_Label
PB0.GPIO_Label=BAT_ADC
PB0.Locked=true
PB0.Mode=IN8
PB0.Signal=ADC_IN8
PB12.GPIOParameters=GPIO_Label
PB12.GPIO_Label=RF_Boost
PB12.Locked=true
PB12.Signal=GPIO_Output
PB13.GPIOParameters=GPIO_Label
PB13.GPIO_Label=ADF_TX_Data
PB13.Locked=true
PB13.Signal=S_TIM21_CH1
PB14.GPIOParameters=GPIO_Label
PB14.GPIO_Label=GPS_ON
PB14.Locked=true
PB14.Signal=GPIO_Output
PB15.GPIOParameters=GPIO_Label
PB15.GPIO_Label=RADIO_EN
PB15.Locked=true
PB15.Signal=GPIO_Output
PB3.GPIOParameters=GPIO_Label
PB3.GPIO_Label=ADF_CE
PB3.Locked=true
PB3.Signal=GPIO_Output
PB4.GPIOParameters=GPIO_PuPd,GPIO_Label,GPIO_ModeDefaultOutputPP
PB4.GPIO_Label=NTC_475K
PB4.GPIO_ModeDefaultOutputPP=GPIO_MODE_OUTPUT_OD
PB4.GPIO_PuPd=GPIO_NOPULL
PB4.Locked=true
PB4.Signal=GPIO_Output
PB5.GPIOParameters=GPIO_PuPd,GPIO_Label,GPIO_ModeDefaultOutputPP
PB5.GPIO_Label=NTC_36K
PB5.GPIO_ModeDefaultOutputPP=GPIO_MODE_OUTPUT_OD
PB5.GPIO_PuPd=GPIO_NOPULL
PB5.Locked=true
PB5.Signal=GPIO_Output
PB6.GPIOParameters=GPIO_PuPd,GPIO_Label,GPIO_ModeDefaultOutputPP
PB6.GPIO_Label=NTC_12K
PB6.GPIO_ModeDefaultOutputPP=GPIO_MODE_OUTPUT_OD
PB6.GPIO_PuPd=GPIO_NOPULL
PB6.Locked=true
PB6.Signal=GPIO_Output
PB8.GPIOParameters=GPIO_PuPd,GPIO_Label,GPIO_ModeDefaultOutputPP
PB8.GPIO_Label=NTC_2M
PB8.GPIO_ModeDefaultOutputPP=GPIO_MODE_OUTPUT_OD
PB8.GPIO_PuPd=GPIO_NOPULL
PB8.Locked=true
PB8.Signal=GPIO_Output
PB9.GPIOParameters=GPIO_PuPd,GPIO_Label,GPIO_ModeDefaultOutputPP
PB9.GPIO_Label=NTC_330K
PB9.GPIO_ModeDefaultOutputPP=GPIO_MODE_OUTPUT_OD
PB9.GPIO_PuPd=GPIO_NOPULL
PB9.Locked=true
PB9.Signal=GPIO_Output
PC0.GPIOParameters=GPIO_Label
PC0.GPIO_Label=PAYLOAD_ADC
PC0.Locked=true
PC0.Mode=IN10
PC0.Signal=ADC_IN10
PC10.Locked=true
PC10.Mode=Asynchronous
PC10.Signal=LPUART1_TX
PC11.Locked=true
PC11.Mode=Asynchronous
PC11.Signal=LPUART1_RX
PC13.GPIOParameters=GPIO_Label
PC13.GPIO_Label=BUTTON
PC13.Locked=true
PC13.Signal=GPIO_Input
PC14-OSC32_IN.GPIOParameters=GPIO_Label
PC14-OSC32_IN.GPIO_Label=LED
PC14-OSC32_IN.Locked=true
PC14-OSC32_IN.Signal=GPIO_Output
PC4.GPIOParameters=GPIO_Label
PC4.GPIO_Label=NTC_ADC
PC4.Locked=true
PC4.Mode=IN14
PC4.Signal=ADC_IN14
PC7.GPIOParameters=GPIO_Label
PC7.GPIO_Label=ADF_CLK
PC7.Locked=true
PC7.Signal=GPIO_Output
PC8.GPIOParameters=GPIO_Label
PC8.GPIO_Label=ADF_Data
PC8.Locked=true
PC8.Signal=GPIO_Output
PC9.GPIOParameters=GPIO_Label
PC9.GPIO_Label=ADF_LE
PC9.Locked=true
PC9.Signal=GPIO_Output
PH0-OSC_IN.Locked=true
PH0-OSC_IN.Mode=HSE-External-Oscillator
PH0-OSC_IN.Signal=RCC_OSC_IN
PH1-OSC_OUT.Locked=true
PH1-OSC_OUT.Mode=HSE-External-Oscillator
PH1-OSC_OUT.Signal=RCC_OSC_OUT
PinOutPanel.RotationAngle=0
ProjectManager.AskForMigrate=true
ProjectManager.BackupPrevious=false
ProjectManager.CompilerLinker=GCC
ProjectManager.CompilerOptimize=6
ProjectManager.ComputerToolchain=false
ProjectManager.CoupleFile=false
ProjectManager.CustomerFirmwarePackage=
ProjectManager.DefaultFWLocation=true
ProjectManager.DeletePrevious=true
ProjectManager.DeviceId=STM32L051R6Tx
ProjectManager.FirmwarePackage=STM32Cube FW_L0 V1.12.2
ProjectManager.FreePins=false
ProjectManager.HalAssertFull=false
ProjectManager.HeapSize=0x200
ProjectManager.KeepUserCode=true
ProjectManager.LastFirmware=true
ProjectManager.LibraryCopy=0
ProjectManager.MainLocation=Core/Src
ProjectManager.NoMain=false
ProjectManager.PreviousToolchain=
ProjectManager.ProjectBuild=false
ProjectManager.ProjectFileName=m20.ioc
ProjectManager.ProjectName=m20
ProjectManager.ProjectStructure=
ProjectManager.RegisterCallBack=
ProjectManager.StackSize=0x400
ProjectManager.TargetToolchain=Makefile
ProjectManager.ToolChainLocation=
ProjectManager.UAScriptAfterPath=
ProjectManager.UAScriptBeforePath=
ProjectManager.UnderRoot=false
ProjectManager.functionlistsort=1-SystemClock_Config-RCC-false-LL-false,2-MX_GPIO_Init-GPIO-false-LL-true,3-MX_LPUART1_UART_Init-LPUART1-false-LL-true,4-MX_USART1_UART_Init-USART1-false-LL-true,5-MX_SPI1_Init-SPI1-false-LL-true,6-MX_TIM2_Init-TIM2-false-LL-true,7-MX_TIM22_Init-TIM22-false-LL-true,8-MX_ADC_Init-ADC-false-LL-true,9-MX_IWDG_Init-IWDG-false-LL-true,10-MX_TIM6_Init-TIM6-false-LL-true,11-MX_TIM21_Init-TIM21-false-LL-true
RCC.AHBFreq_Value=12000000
RCC.APB1Freq_Value=12000000
RCC.APB1TimFreq_Value=12000000
RCC.APB2Freq_Value=12000000
RCC.APB2TimFreq_Value=12000000
RCC.FCLKCortexFreq_Value=12000000
RCC.FamilyName=M
RCC.HCLKFreq_Value=12000000
RCC.HSE_VALUE=8000000
RCC.HSI16_VALUE=16000000
RCC.HSI_VALUE=16000000
RCC.I2C1Freq_Value=12000000
RCC.IPParameters=AHBFreq_Value,APB1Freq_Value,APB1TimFreq_Value,APB2Freq_Value,APB2TimFreq_Value,FCLKCortexFreq_Value,FamilyName,HCLKFreq_Value,HSE_VALUE,HSI16_VALUE,HSI_VALUE,I2C1Freq_Value,LPTIMFreq_Value,LPUARTFreq_Value,LSE_VALUE,LSI_VALUE,Lpuart1ClockSelection,MCOPinFreq_Value,MSI_VALUE,PLLCLKFreq_Value,PLLSourceVirtual,RCC_MCOSource,RTCFreq_Value,RTCHSEDivFreq_Value,SYSCLKFreq_VALUE,SYSCLKSource,TIMFreq_Value,TimerFreq_Value,USART1Freq_Value,USART2Freq_Value,Usart1ClockSelection,VCOInputFreq_Value,VCOOutputFreq_Value,WatchDogFreq_Value
RCC.LPTIMFreq_Value=12000000
RCC.LPUARTFreq_Value=12000000
RCC.LSE_VALUE=32768
RCC.LSI_VALUE=37000
RCC.Lpuart1ClockSelection=RCC_LPUART1CLKSOURCE_SYSCLK
RCC.MCOPinFreq_Value=8000000
RCC.MSI_VALUE=2097000
RCC.PLLCLKFreq_Value=12000000
RCC.PLLSourceVirtual=RCC_PLLSOURCE_HSE
RCC.RCC_MCOSource=RCC_MCO1SOURCE_HSE
RCC.RTCFreq_Value=37000
RCC.RTCHSEDivFreq_Value=4000000
RCC.SYSCLKFreq_VALUE=12000000
RCC.SYSCLKSource=RCC_SYSCLKSOURCE_PLLCLK
RCC.TIMFreq_Value=12000000
RCC.TimerFreq_Value=12000000
RCC.USART1Freq_Value=12000000
RCC.USART2Freq_Value=12000000
RCC.Usart1ClockSelection=RCC_USART1CLKSOURCE_SYSCLK
RCC.VCOInputFreq_Value=8000000
RCC.VCOOutputFreq_Value=24000000
RCC.WatchDogFreq_Value=37000
SH.S_TIM21_CH1.0=TIM21_CH1,PWM Generation1 CH1
SH.S_TIM21_CH1.ConfNb=1
SPI1.BaudRatePrescaler=SPI_BAUDRATEPRESCALER_64
SPI1.CLKPhase=SPI_PHASE_2EDGE
SPI1.CLKPolarity=SPI_POLARITY_HIGH
SPI1.CRCCalculation=SPI_CRCCALCULATION_ENABLE
SPI1.CRCLength=SPI_CRC_LENGTH_8BIT
SPI1.CalculateBaudRate=187.5 KBits/s
SPI1.Direction=SPI_DIRECTION_2LINES
SPI1.IPParameters=VirtualType,Mode,Direction,CalculateBaudRate,BaudRatePrescaler,CLKPolarity,CLKPhase,CRCCalculation,CRCLength
SPI1.Mode=SPI_MODE_MASTER
SPI1.VirtualType=VM_MASTER
TIM2.IPParameters=Period,Prescaler
TIM2.Period=999
TIM2.Prescaler=119
TIM21.Channel-PWM\ Generation1\ CH1=TIM_CHANNEL_1
TIM21.IPParameters=Channel-PWM Generation1 CH1,OCFastMode_PWM-PWM Generation1 CH1
TIM21.OCFastMode_PWM-PWM\ Generation1\ CH1=TIM_OCFAST_ENABLE
TIM22.IPParameters=Prescaler,Period
TIM22.Period=2400
TIM22.Prescaler=60000
TIM6.IPParameters=Prescaler
TIM6.Prescaler=60000
USART1.IPParameters=VirtualMode-Asynchronous,Mode
USART1.Mode=MODE_TX
USART1.VirtualMode-Asynchronous=VM_ASYNC
VP_IWDG_VS_IWDG.Mode=IWDG_Activate
VP_IWDG_VS_IWDG.Signal=IWDG_VS_IWDG
VP_SYS_VS_Systick.Mode=SysTick
VP_SYS_VS_Systick.Signal=SYS_VS_Systick
VP_TIM21_VS_ClockSourceINT.Mode=Internal
VP_TIM21_VS_ClockSourceINT.Signal=TIM21_VS_ClockSourceINT
VP_TIM22_VS_ClockSourceINT.Mode=Internal
VP_TIM22_VS_ClockSourceINT.Signal=TIM22_VS_ClockSourceINT
VP_TIM2_VS_ClockSourceINT.Mode=Internal
VP_TIM2_VS_ClockSourceINT.Signal=TIM2_VS_ClockSourceINT
VP_TIM6_VS_ClockSourceINT.Mode=Enable_Timer
VP_TIM6_VS_ClockSourceINT.Signal=TIM6_VS_ClockSourceINT
board=custom
